// !$*UTF8*$!
{
	archiveVersion = 1;
	classes = {
	};
	objectVersion = 46;
	objects = {

/* Begin PBXBuildFile section */
		FDC7D97C1E58EA04006DE34F /* main.m in Sources */ = {isa = PBXBuildFile; fileRef = FDC7D97B1E58EA04006DE34F /* main.m */; };
		FDC7D97F1E58EA04006DE34F /* AppDelegate.m in Sources */ = {isa = PBXBuildFile; fileRef = FDC7D97E1E58EA04006DE34F /* AppDelegate.m */; };
		FDC7D9851E58EA04006DE34F /* Main.storyboard in Resources */ = {isa = PBXBuildFile; fileRef = FDC7D9831E58EA04006DE34F /* Main.storyboard */; };
		FDC7D9871E58EA05006DE34F /* Assets.xcassets in Resources */ = {isa = PBXBuildFile; fileRef = FDC7D9861E58EA05006DE34F /* Assets.xcassets */; };
		FDC7D98A1E58EA05006DE34F /* LaunchScreen.storyboard in Resources */ = {isa = PBXBuildFile; fileRef = FDC7D9881E58EA05006DE34F /* LaunchScreen.storyboard */; };
		FDC7D9941E58EABA006DE34F /* GridCollectionViewController.m in Sources */ = {isa = PBXBuildFile; fileRef = FDC7D9931E58EABA006DE34F /* GridCollectionViewController.m */; };
		FDC7D9981E58EF35006DE34F /* FlickrAPI.m in Sources */ = {isa = PBXBuildFile; fileRef = FDC7D9971E58EF35006DE34F /* FlickrAPI.m */; };
		FDC7D99C1E58F00F006DE34F /* PhotoCollectionViewCell.m in Sources */ = {isa = PBXBuildFile; fileRef = FDC7D99A1E58F00F006DE34F /* PhotoCollectionViewCell.m */; };
		FDC7D99D1E58F00F006DE34F /* PhotoCollectionViewCell.xib in Resources */ = {isa = PBXBuildFile; fileRef = FDC7D99B1E58F00F006DE34F /* PhotoCollectionViewCell.xib */; };
		FDC7D9A11E58F143006DE34F /* UIView+ReusableIdentifier.m in Sources */ = {isa = PBXBuildFile; fileRef = FDC7D9A01E58F143006DE34F /* UIView+ReusableIdentifier.m */; };
		FDC7D9A51E592428006DE34F /* Photo.m in Sources */ = {isa = PBXBuildFile; fileRef = FDC7D9A41E592428006DE34F /* Photo.m */; };
		FDC7D9AB1E592F24006DE34F /* PhotoDetailViewController.m in Sources */ = {isa = PBXBuildFile; fileRef = FDC7D9AA1E592F24006DE34F /* PhotoDetailViewController.m */; };
		FDC7D9AD1E5A1E1E006DE34F /* PhotoDetailViewController.storyboard in Resources */ = {isa = PBXBuildFile; fileRef = FDC7D9AC1E5A1E1E006DE34F /* PhotoDetailViewController.storyboard */; };
		FDC7D9B31E5A2415006DE34F /* UIImageView+ImageCaching.m in Sources */ = {isa = PBXBuildFile; fileRef = FDC7D9B21E5A2415006DE34F /* UIImageView+ImageCaching.m */; };
		FDC7D9B61E5A24F4006DE34F /* CacheHelper.m in Sources */ = {isa = PBXBuildFile; fileRef = FDC7D9B51E5A24F4006DE34F /* CacheHelper.m */; };
/* End PBXBuildFile section */

/* Begin PBXFileReference section */
		FDC7D9771E58EA04006DE34F /* SharkFeed.app */ = {isa = PBXFileReference; explicitFileType = wrapper.application; includeInIndex = 0; path = SharkFeed.app; sourceTree = BUILT_PRODUCTS_DIR; };
		FDC7D97B1E58EA04006DE34F /* main.m */ = {isa = PBXFileReference; lastKnownFileType = sourcecode.c.objc; path = main.m; sourceTree = "<group>"; };
		FDC7D97D1E58EA04006DE34F /* AppDelegate.h */ = {isa = PBXFileReference; lastKnownFileType = sourcecode.c.h; path = AppDelegate.h; sourceTree = "<group>"; };
		FDC7D97E1E58EA04006DE34F /* AppDelegate.m */ = {isa = PBXFileReference; lastKnownFileType = sourcecode.c.objc; path = AppDelegate.m; sourceTree = "<group>"; };
		FDC7D9841E58EA04006DE34F /* Base */ = {isa = PBXFileReference; lastKnownFileType = file.storyboard; name = Base; path = Base.lproj/Main.storyboard; sourceTree = "<group>"; };
		FDC7D9861E58EA05006DE34F /* Assets.xcassets */ = {isa = PBXFileReference; lastKnownFileType = folder.assetcatalog; path = Assets.xcassets; sourceTree = "<group>"; };
		FDC7D9891E58EA05006DE34F /* Base */ = {isa = PBXFileReference; lastKnownFileType = file.storyboard; name = Base; path = Base.lproj/LaunchScreen.storyboard; sourceTree = "<group>"; };
		FDC7D98B1E58EA05006DE34F /* Info.plist */ = {isa = PBXFileReference; lastKnownFileType = text.plist.xml; path = Info.plist; sourceTree = "<group>"; };
		FDC7D9921E58EABA006DE34F /* GridCollectionViewController.h */ = {isa = PBXFileReference; fileEncoding = 4; lastKnownFileType = sourcecode.c.h; name = GridCollectionViewController.h; path = UI/GridCollectionViewController.h; sourceTree = "<group>"; };
		FDC7D9931E58EABA006DE34F /* GridCollectionViewController.m */ = {isa = PBXFileReference; fileEncoding = 4; lastKnownFileType = sourcecode.c.objc; name = GridCollectionViewController.m; path = UI/GridCollectionViewController.m; sourceTree = "<group>"; };
		FDC7D9961E58EF35006DE34F /* FlickrAPI.h */ = {isa = PBXFileReference; fileEncoding = 4; lastKnownFileType = sourcecode.c.h; name = FlickrAPI.h; path = Utility/FlickrAPI.h; sourceTree = "<group>"; };
		FDC7D9971E58EF35006DE34F /* FlickrAPI.m */ = {isa = PBXFileReference; fileEncoding = 4; lastKnownFileType = sourcecode.c.objc; name = FlickrAPI.m; path = Utility/FlickrAPI.m; sourceTree = "<group>"; };
		FDC7D9991E58F00F006DE34F /* PhotoCollectionViewCell.h */ = {isa = PBXFileReference; fileEncoding = 4; lastKnownFileType = sourcecode.c.h; name = PhotoCollectionViewCell.h; path = UI/PhotoCollectionViewCell.h; sourceTree = "<group>"; };
		FDC7D99A1E58F00F006DE34F /* PhotoCollectionViewCell.m */ = {isa = PBXFileReference; fileEncoding = 4; lastKnownFileType = sourcecode.c.objc; name = PhotoCollectionViewCell.m; path = UI/PhotoCollectionViewCell.m; sourceTree = "<group>"; };
		FDC7D99B1E58F00F006DE34F /* PhotoCollectionViewCell.xib */ = {isa = PBXFileReference; fileEncoding = 4; lastKnownFileType = file.xib; name = PhotoCollectionViewCell.xib; path = UI/PhotoCollectionViewCell.xib; sourceTree = "<group>"; };
		FDC7D99F1E58F143006DE34F /* UIView+ReusableIdentifier.h */ = {isa = PBXFileReference; fileEncoding = 4; lastKnownFileType = sourcecode.c.h; name = "UIView+ReusableIdentifier.h"; path = "Categories/UIView+ReusableIdentifier.h"; sourceTree = "<group>"; };
		FDC7D9A01E58F143006DE34F /* UIView+ReusableIdentifier.m */ = {isa = PBXFileReference; fileEncoding = 4; lastKnownFileType = sourcecode.c.objc; name = "UIView+ReusableIdentifier.m"; path = "Categories/UIView+ReusableIdentifier.m"; sourceTree = "<group>"; };
		FDC7D9A31E592428006DE34F /* Photo.h */ = {isa = PBXFileReference; fileEncoding = 4; lastKnownFileType = sourcecode.c.h; name = Photo.h; path = Model/Photo.h; sourceTree = "<group>"; };
		FDC7D9A41E592428006DE34F /* Photo.m */ = {isa = PBXFileReference; fileEncoding = 4; lastKnownFileType = sourcecode.c.objc; name = Photo.m; path = Model/Photo.m; sourceTree = "<group>"; };
		FDC7D9A91E592F24006DE34F /* PhotoDetailViewController.h */ = {isa = PBXFileReference; fileEncoding = 4; lastKnownFileType = sourcecode.c.h; name = PhotoDetailViewController.h; path = "UI/Photo Detail/PhotoDetailViewController.h"; sourceTree = "<group>"; };
		FDC7D9AA1E592F24006DE34F /* PhotoDetailViewController.m */ = {isa = PBXFileReference; fileEncoding = 4; lastKnownFileType = sourcecode.c.objc; name = PhotoDetailViewController.m; path = "UI/Photo Detail/PhotoDetailViewController.m"; sourceTree = "<group>"; };
		FDC7D9AC1E5A1E1E006DE34F /* PhotoDetailViewController.storyboard */ = {isa = PBXFileReference; fileEncoding = 4; lastKnownFileType = file.storyboard; name = PhotoDetailViewController.storyboard; path = "UI/Photo Detail/PhotoDetailViewController.storyboard"; sourceTree = "<group>"; };
		FDC7D9B11E5A2415006DE34F /* UIImageView+ImageCaching.h */ = {isa = PBXFileReference; fileEncoding = 4; lastKnownFileType = sourcecode.c.h; name = "UIImageView+ImageCaching.h"; path = "Categories/UIImageView+ImageCaching.h"; sourceTree = "<group>"; };
		FDC7D9B21E5A2415006DE34F /* UIImageView+ImageCaching.m */ = {isa = PBXFileReference; fileEncoding = 4; lastKnownFileType = sourcecode.c.objc; name = "UIImageView+ImageCaching.m"; path = "Categories/UIImageView+ImageCaching.m"; sourceTree = "<group>"; };
		FDC7D9B41E5A24F4006DE34F /* CacheHelper.h */ = {isa = PBXFileReference; fileEncoding = 4; lastKnownFileType = sourcecode.c.h; name = CacheHelper.h; path = Utility/CacheHelper.h; sourceTree = "<group>"; };
		FDC7D9B51E5A24F4006DE34F /* CacheHelper.m */ = {isa = PBXFileReference; fileEncoding = 4; lastKnownFileType = sourcecode.c.objc; name = CacheHelper.m; path = Utility/CacheHelper.m; sourceTree = "<group>"; };
/* End PBXFileReference section */

/* Begin PBXFrameworksBuildPhase section */
		FDC7D9741E58EA04006DE34F /* Frameworks */ = {
			isa = PBXFrameworksBuildPhase;
			buildActionMask = 2147483647;
			files = (
			);
			runOnlyForDeploymentPostprocessing = 0;
		};
/* End PBXFrameworksBuildPhase section */

/* Begin PBXGroup section */
		FDC7D96E1E58EA04006DE34F = {
			isa = PBXGroup;
			children = (
				FDC7D9791E58EA04006DE34F /* SharkFeed */,
				FDC7D9781E58EA04006DE34F /* Products */,
			);
			sourceTree = "<group>";
		};
		FDC7D9781E58EA04006DE34F /* Products */ = {
			isa = PBXGroup;
			children = (
				FDC7D9771E58EA04006DE34F /* SharkFeed.app */,
			);
			name = Products;
			sourceTree = "<group>";
		};
		FDC7D9791E58EA04006DE34F /* SharkFeed */ = {
			isa = PBXGroup;
			children = (
				FDC7D9A21E592416006DE34F /* Model */,
				FDC7D99E1E58F112006DE34F /* Categories */,
				FDC7D9951E58EC9A006DE34F /* Utility */,
				FDC7D9911E58EA8A006DE34F /* UI */,
				FDC7D97D1E58EA04006DE34F /* AppDelegate.h */,
				FDC7D97E1E58EA04006DE34F /* AppDelegate.m */,
				FDC7D9831E58EA04006DE34F /* Main.storyboard */,
				FDC7D9861E58EA05006DE34F /* Assets.xcassets */,
				FDC7D9881E58EA05006DE34F /* LaunchScreen.storyboard */,
				FDC7D98B1E58EA05006DE34F /* Info.plist */,
				FDC7D97A1E58EA04006DE34F /* Supporting Files */,
			);
			path = SharkFeed;
			sourceTree = "<group>";
		};
		FDC7D97A1E58EA04006DE34F /* Supporting Files */ = {
			isa = PBXGroup;
			children = (
				FDC7D97B1E58EA04006DE34F /* main.m */,
			);
			name = "Supporting Files";
			sourceTree = "<group>";
		};
		FDC7D9911E58EA8A006DE34F /* UI */ = {
			isa = PBXGroup;
			children = (
				FDC7D9A71E592790006DE34F /* Photo Detail */,
				FDC7D9A61E59278B006DE34F /* Photos Grid */,
			);
			name = UI;
			sourceTree = "<group>";
		};
		FDC7D9951E58EC9A006DE34F /* Utility */ = {
			isa = PBXGroup;
			children = (
				FDC7D9961E58EF35006DE34F /* FlickrAPI.h */,
				FDC7D9971E58EF35006DE34F /* FlickrAPI.m */,
				FDC7D9B41E5A24F4006DE34F /* CacheHelper.h */,
				FDC7D9B51E5A24F4006DE34F /* CacheHelper.m */,
			);
			name = Utility;
			sourceTree = "<group>";
		};
		FDC7D99E1E58F112006DE34F /* Categories */ = {
			isa = PBXGroup;
			children = (
				FDC7D99F1E58F143006DE34F /* UIView+ReusableIdentifier.h */,
				FDC7D9A01E58F143006DE34F /* UIView+ReusableIdentifier.m */,
				FDC7D9B11E5A2415006DE34F /* UIImageView+ImageCaching.h */,
				FDC7D9B21E5A2415006DE34F /* UIImageView+ImageCaching.m */,
			);
			name = Categories;
			sourceTree = "<group>";
		};
		FDC7D9A21E592416006DE34F /* Model */ = {
			isa = PBXGroup;
			children = (
				FDC7D9A31E592428006DE34F /* Photo.h */,
				FDC7D9A41E592428006DE34F /* Photo.m */,
			);
			name = Model;
			sourceTree = "<group>";
		};
		FDC7D9A61E59278B006DE34F /* Photos Grid */ = {
			isa = PBXGroup;
			children = (
				FDC7D9A81E592AD2006DE34F /* Cells */,
				FDC7D9921E58EABA006DE34F /* GridCollectionViewController.h */,
				FDC7D9931E58EABA006DE34F /* GridCollectionViewController.m */,
			);
			name = "Photos Grid";
			sourceTree = "<group>";
		};
		FDC7D9A71E592790006DE34F /* Photo Detail */ = {
			isa = PBXGroup;
			children = (
				FDC7D9A91E592F24006DE34F /* PhotoDetailViewController.h */,
				FDC7D9AA1E592F24006DE34F /* PhotoDetailViewController.m */,
				FDC7D9AC1E5A1E1E006DE34F /* PhotoDetailViewController.storyboard */,
			);
			name = "Photo Detail";
			sourceTree = "<group>";
		};
		FDC7D9A81E592AD2006DE34F /* Cells */ = {
			isa = PBXGroup;
			children = (
				FDC7D9991E58F00F006DE34F /* PhotoCollectionViewCell.h */,
				FDC7D99A1E58F00F006DE34F /* PhotoCollectionViewCell.m */,
				FDC7D99B1E58F00F006DE34F /* PhotoCollectionViewCell.xib */,
			);
			name = Cells;
			sourceTree = "<group>";
		};
/* End PBXGroup section */

/* Begin PBXNativeTarget section */
		FDC7D9761E58EA04006DE34F /* SharkFeed */ = {
			isa = PBXNativeTarget;
			buildConfigurationList = FDC7D98E1E58EA05006DE34F /* Build configuration list for PBXNativeTarget "SharkFeed" */;
			buildPhases = (
				FDC7D9731E58EA04006DE34F /* Sources */,
				FDC7D9741E58EA04006DE34F /* Frameworks */,
				FDC7D9751E58EA04006DE34F /* Resources */,
			);
			buildRules = (
			);
			dependencies = (
			);
			name = SharkFeed;
			productName = SharkFeed;
			productReference = FDC7D9771E58EA04006DE34F /* SharkFeed.app */;
			productType = "com.apple.product-type.application";
		};
/* End PBXNativeTarget section */

/* Begin PBXProject section */
		FDC7D96F1E58EA04006DE34F /* Project object */ = {
			isa = PBXProject;
			attributes = {
				LastUpgradeCheck = 0820;
				ORGANIZATIONNAME = "Steven Bishop";
				TargetAttributes = {
					FDC7D9761E58EA04006DE34F = {
						CreatedOnToolsVersion = 8.2.1;
						ProvisioningStyle = Automatic;
					};
				};
			};
			buildConfigurationList = FDC7D9721E58EA04006DE34F /* Build configuration list for PBXProject "SharkFeed" */;
			compatibilityVersion = "Xcode 3.2";
			developmentRegion = English;
			hasScannedForEncodings = 0;
			knownRegions = (
				en,
				Base,
			);
			mainGroup = FDC7D96E1E58EA04006DE34F;
			productRefGroup = FDC7D9781E58EA04006DE34F /* Products */;
			projectDirPath = "";
			projectRoot = "";
			targets = (
				FDC7D9761E58EA04006DE34F /* SharkFeed */,
			);
		};
/* End PBXProject section */

/* Begin PBXResourcesBuildPhase section */
		FDC7D9751E58EA04006DE34F /* Resources */ = {
			isa = PBXResourcesBuildPhase;
			buildActionMask = 2147483647;
			files = (
				FDC7D9AD1E5A1E1E006DE34F /* PhotoDetailViewController.storyboard in Resources */,
				FDC7D98A1E58EA05006DE34F /* LaunchScreen.storyboard in Resources */,
				FDC7D99D1E58F00F006DE34F /* PhotoCollectionViewCell.xib in Resources */,
				FDC7D9871E58EA05006DE34F /* Assets.xcassets in Resources */,
				FDC7D9851E58EA04006DE34F /* Main.storyboard in Resources */,
			);
			runOnlyForDeploymentPostprocessing = 0;
		};
/* End PBXResourcesBuildPhase section */

/* Begin PBXSourcesBuildPhase section */
		FDC7D9731E58EA04006DE34F /* Sources */ = {
			isa = PBXSourcesBuildPhase;
			buildActionMask = 2147483647;
			files = (
				FDC7D9B61E5A24F4006DE34F /* CacheHelper.m in Sources */,
				FDC7D9A51E592428006DE34F /* Photo.m in Sources */,
				FDC7D97F1E58EA04006DE34F /* AppDelegate.m in Sources */,
				FDC7D9B31E5A2415006DE34F /* UIImageView+ImageCaching.m in Sources */,
				FDC7D9AB1E592F24006DE34F /* PhotoDetailViewController.m in Sources */,
				FDC7D9941E58EABA006DE34F /* GridCollectionViewController.m in Sources */,
				FDC7D9A11E58F143006DE34F /* UIView+ReusableIdentifier.m in Sources */,
				FDC7D97C1E58EA04006DE34F /* main.m in Sources */,
				FDC7D99C1E58F00F006DE34F /* PhotoCollectionViewCell.m in Sources */,
				FDC7D9981E58EF35006DE34F /* FlickrAPI.m in Sources */,
			);
			runOnlyForDeploymentPostprocessing = 0;
		};
/* End PBXSourcesBuildPhase section */

/* Begin PBXVariantGroup section */
		FDC7D9831E58EA04006DE34F /* Main.storyboard */ = {
			isa = PBXVariantGroup;
			children = (
				FDC7D9841E58EA04006DE34F /* Base */,
			);
			name = Main.storyboard;
			sourceTree = "<group>";
		};
		FDC7D9881E58EA05006DE34F /* LaunchScreen.storyboard */ = {
			isa = PBXVariantGroup;
			children = (
				FDC7D9891E58EA05006DE34F /* Base */,
			);
			name = LaunchScreen.storyboard;
			sourceTree = "<group>";
		};
/* End PBXVariantGroup section */

/* Begin XCBuildConfiguration section */
		FDC7D98C1E58EA05006DE34F /* Debug */ = {
			isa = XCBuildConfiguration;
			buildSettings = {
				ALWAYS_SEARCH_USER_PATHS = NO;
				CLANG_ANALYZER_NONNULL = YES;
				CLANG_CXX_LANGUAGE_STANDARD = "gnu++0x";
				CLANG_CXX_LIBRARY = "libc++";
				CLANG_ENABLE_MODULES = YES;
				CLANG_ENABLE_OBJC_ARC = YES;
				CLANG_WARN_BOOL_CONVERSION = YES;
				CLANG_WARN_CONSTANT_CONVERSION = YES;
				CLANG_WARN_DIRECT_OBJC_ISA_USAGE = YES_ERROR;
				CLANG_WARN_DOCUMENTATION_COMMENTS = YES;
				CLANG_WARN_EMPTY_BODY = YES;
				CLANG_WARN_ENUM_CONVERSION = YES;
				CLANG_WARN_INFINITE_RECURSION = YES;
				CLANG_WARN_INT_CONVERSION = YES;
				CLANG_WARN_OBJC_ROOT_CLASS = YES_ERROR;
				CLANG_WARN_SUSPICIOUS_MOVE = YES;
				CLANG_WARN_UNREACHABLE_CODE = YES;
				CLANG_WARN__DUPLICATE_METHOD_MATCH = YES;
				"CODE_SIGN_IDENTITY[sdk=iphoneos*]" = "iPhone Developer";
				COPY_PHASE_STRIP = NO;
				DEBUG_INFORMATION_FORMAT = dwarf;
				ENABLE_STRICT_OBJC_MSGSEND = YES;
				ENABLE_TESTABILITY = YES;
				GCC_C_LANGUAGE_STANDARD = gnu99;
				GCC_DYNAMIC_NO_PIC = NO;
				GCC_NO_COMMON_BLOCKS = YES;
				GCC_OPTIMIZATION_LEVEL = 0;
				GCC_PREPROCESSOR_DEFINITIONS = (
					"DEBUG=1",
					"$(inherited)",
				);
				GCC_WARN_64_TO_32_BIT_CONVERSION = YES;
				GCC_WARN_ABOUT_RETURN_TYPE = YES_ERROR;
				GCC_WARN_UNDECLARED_SELECTOR = YES;
				GCC_WARN_UNINITIALIZED_AUTOS = YES_AGGRESSIVE;
				GCC_WARN_UNUSED_FUNCTION = YES;
				GCC_WARN_UNUSED_VARIABLE = YES;
				IPHONEOS_DEPLOYMENT_TARGET = 9.0;
				MTL_ENABLE_DEBUG_INFO = YES;
				ONLY_ACTIVE_ARCH = YES;
				SDKROOT = iphoneos;
				TARGETED_DEVICE_FAMILY = "1,2";
			};
			name = Debug;
		};
		FDC7D98D1E58EA05006DE34F /* Release */ = {
			isa = XCBuildConfiguration;
			buildSettings = {
				ALWAYS_SEARCH_USER_PATHS = NO;
				CLANG_ANALYZER_NONNULL = YES;
				CLANG_CXX_LANGUAGE_STANDARD = "gnu++0x";
				CLANG_CXX_LIBRARY = "libc++";
				CLANG_ENABLE_MODULES = YES;
				CLANG_ENABLE_OBJC_ARC = YES;
				CLANG_WARN_BOOL_CONVERSION = YES;
				CLANG_WARN_CONSTANT_CONVERSION = YES;
				CLANG_WARN_DIRECT_OBJC_ISA_USAGE = YES_ERROR;
				CLANG_WARN_DOCUMENTATION_COMMENTS = YES;
				CLANG_WARN_EMPTY_BODY = YES;
				CLANG_WARN_ENUM_CONVERSION = YES;
				CLANG_WARN_INFINITE_RECURSION = YES;
				CLANG_WARN_INT_CONVERSION = YES;
				CLANG_WARN_OBJC_ROOT_CLASS = YES_ERROR;
				CLANG_WARN_SUSPICIOUS_MOVE = YES;
				CLANG_WARN_UNREACHABLE_CODE = YES;
				CLANG_WARN__DUPLICATE_METHOD_MATCH = YES;
				"CODE_SIGN_IDENTITY[sdk=iphoneos*]" = "iPhone Developer";
				COPY_PHASE_STRIP = NO;
				DEBUG_INFORMATION_FORMAT = "dwarf-with-dsym";
				ENABLE_NS_ASSERTIONS = NO;
				ENABLE_STRICT_OBJC_MSGSEND = YES;
				GCC_C_LANGUAGE_STANDARD = gnu99;
				GCC_NO_COMMON_BLOCKS = YES;
				GCC_WARN_64_TO_32_BIT_CONVERSION = YES;
				GCC_WARN_ABOUT_RETURN_TYPE = YES_ERROR;
				GCC_WARN_UNDECLARED_SELECTOR = YES;
				GCC_WARN_UNINITIALIZED_AUTOS = YES_AGGRESSIVE;
				GCC_WARN_UNUSED_FUNCTION = YES;
				GCC_WARN_UNUSED_VARIABLE = YES;
				IPHONEOS_DEPLOYMENT_TARGET = 9.0;
				MTL_ENABLE_DEBUG_INFO = NO;
				SDKROOT = iphoneos;
				TARGETED_DEVICE_FAMILY = "1,2";
				VALIDATE_PRODUCT = YES;
			};
			name = Release;
		};
		FDC7D98F1E58EA05006DE34F /* Debug */ = {
			isa = XCBuildConfiguration;
			buildSettings = {
				ASSETCATALOG_COMPILER_APPICON_NAME = AppIcon;
				INFOPLIST_FILE = SharkFeed/Info.plist;
				IPHONEOS_DEPLOYMENT_TARGET = 9.0;
				LD_RUNPATH_SEARCH_PATHS = "$(inherited) @executable_path/Frameworks";
				PRODUCT_BUNDLE_IDENTIFIER = "Steven-Bishop.SharkFeed";
				PRODUCT_NAME = "$(TARGET_NAME)";
			};
			name = Debug;
		};
		FDC7D9901E58EA05006DE34F /* Release */ = {
			isa = XCBuildConfiguration;
			buildSettings = {
				ASSETCATALOG_COMPILER_APPICON_NAME = AppIcon;
				INFOPLIST_FILE = SharkFeed/Info.plist;
				IPHONEOS_DEPLOYMENT_TARGET = 9.0;
				LD_RUNPATH_SEARCH_PATHS = "$(inherited) @executable_path/Frameworks";
				PRODUCT_BUNDLE_IDENTIFIER = "Steven-Bishop.SharkFeed";
				PRODUCT_NAME = "$(TARGET_NAME)";
			};
			name = Release;
		};
/* End XCBuildConfiguration section */

/* Begin XCConfigurationList section */
		FDC7D9721E58EA04006DE34F /* Build configuration list for PBXProject "SharkFeed" */ = {
			isa = XCConfigurationList;
			buildConfigurations = (
				FDC7D98C1E58EA05006DE34F /* Debug */,
				FDC7D98D1E58EA05006DE34F /* Release */,
			);
			defaultConfigurationIsVisible = 0;
			defaultConfigurationName = Release;
		};
		FDC7D98E1E58EA05006DE34F /* Build configuration list for PBXNativeTarget "SharkFeed" */ = {
			isa = XCConfigurationList;
			buildConfigurations = (
				FDC7D98F1E58EA05006DE34F /* Debug */,
				FDC7D9901E58EA05006DE34F /* Release */,
			);
			defaultConfigurationIsVisible = 0;
		};
/* End XCConfigurationList section */
	};
	rootObject = FDC7D96F1E58EA04006DE34F /* Project object */;
}
